
Microsoft Visual Studio Solution File, Format Version 12.00
# Visual Studio Version 17
VisualStudioVersion = 17.3.32929.385
MinimumVisualStudioVersion = 10.0.40219.1
Project("{FAE04EC0-301F-11D3-BF4B-00C04F79EFBC}") = "Interface", "Interface\Interface.csproj", "{86BCBD1E-76CE-4F2B-9C5B-AEF8C3611052}"
EndProject
Project("{FAE04EC0-301F-11D3-BF4B-00C04F79EFBC}") = "State", "State\State.csproj", "{A57FBD1B-F86B-4217-9881-F696FC28D3C9}"
EndProject
Global
	GlobalSection(SolutionConfigurationPlatforms) = preSolution
		Debug|Any CPU = Debug|Any CPU
		Release|Any CPU = Release|Any CPU
	EndGlobalSection
	GlobalSection(ProjectConfigurationPlatforms) = postSolution
		{86BCBD1E-76CE-4F2B-9C5B-AEF8C3611052}.Debug|Any CPU.ActiveCfg = Debug|Any CPU
		{86BCBD1E-76CE-4F2B-9C5B-AEF8C3611052}.Debug|Any CPU.Build.0 = Debug|Any CPU
		{86BCBD1E-76CE-4F2B-9C5B-AEF8C3611052}.Release|Any CPU.ActiveCfg = Release|Any CPU
		{86BCBD1E-76CE-4F2B-9C5B-AEF8C3611052}.Release|Any CPU.Build.0 = Release|Any CPU
		{A57FBD1B-F86B-4217-9881-F696FC28D3C9}.Debug|Any CPU.ActiveCfg = Debug|Any CPU
		{A57FBD1B-F86B-4217-9881-F696FC28D3C9}.Debug|Any CPU.Build.0 = Debug|Any CPU
		{A57FBD1B-F86B-4217-9881-F696FC28D3C9}.Release|Any CPU.ActiveCfg = Release|Any CPU
		{A57FBD1B-F86B-4217-9881-F696FC28D3C9}.Release|Any CPU.Build.0 = Release|Any CPU
	EndGlobalSection
	GlobalSection(SolutionProperties) = preSolution
		HideSolutionNode = FALSE
	EndGlobalSection
	GlobalSection(ExtensibilityGlobals) = postSolution
		SolutionGuid = {B444E6A9-F2B9-42B3-8682-0690EC24D963}
	EndGlobalSection
EndGlobal
